
Microsoft Visual Studio Solution File, Format Version 12.00
# Visual Studio Version 17
VisualStudioVersion = 17.10.34928.147
MinimumVisualStudioVersion = 10.0.40219.1
Project("{FAE04EC0-301F-11D3-BF4B-00C04F79EFBC}") = "Bookstore", "Bookstore.csproj", "{637280F4-5B30-49A5-9644-D2252E7B849B}"
EndProject
Global
	GlobalSection(SolutionConfigurationPlatforms) = preSolution
		Debug|Any CPU = Debug|Any CPU
		Release|Any CPU = Release|Any CPU
	EndGlobalSection
	GlobalSection(ProjectConfigurationPlatforms) = postSolution
		{637280F4-5B30-49A5-9644-D2252E7B849B}.Debug|Any CPU.ActiveCfg = Debug|Any CPU
		{637280F4-5B30-49A5-9644-D2252E7B849B}.Debug|Any CPU.Build.0 = Debug|Any CPU
		{637280F4-5B30-49A5-9644-D2252E7B849B}.Release|Any CPU.ActiveCfg = Release|Any CPU
		{637280F4-5B30-49A5-9644-D2252E7B849B}.Release|Any CPU.Build.0 = Release|Any CPU
	EndGlobalSection
	GlobalSection(SolutionProperties) = preSolution
		HideSolutionNode = FALSE
	EndGlobalSection
	GlobalSection(ExtensibilityGlobals) = postSolution
		SolutionGuid = {63472C50-6E75-44E7-BC40-7E1144DDCA4C}
	EndGlobalSection
EndGlobal
